
Microsoft Visual Studio Solution File, Format Version 12.00
# Visual Studio Version 17
VisualStudioVersion = 17.10.34928.147
MinimumVisualStudioVersion = 10.0.40219.1
Project("{FAE04EC0-301F-11D3-BF4B-00C04F79EFBC}") = "FinalEF", "FinalEF\FinalEF.csproj", "{33399AAC-AB71-43B5-B1C3-2DBAC0E3F6D9}"
EndProject
Global
	GlobalSection(SolutionConfigurationPlatforms) = preSolution
		Debug|Any CPU = Debug|Any CPU
		Release|Any CPU = Release|Any CPU
	EndGlobalSection
	GlobalSection(ProjectConfigurationPlatforms) = postSolution
		{33399AAC-AB71-43B5-B1C3-2DBAC0E3F6D9}.Debug|Any CPU.ActiveCfg = Debug|Any CPU
		{33399AAC-AB71-43B5-B1C3-2DBAC0E3F6D9}.Debug|Any CPU.Build.0 = Debug|Any CPU
		{33399AAC-AB71-43B5-B1C3-2DBAC0E3F6D9}.Release|Any CPU.ActiveCfg = Release|Any CPU
		{33399AAC-AB71-43B5-B1C3-2DBAC0E3F6D9}.Release|Any CPU.Build.0 = Release|Any CPU
	EndGlobalSection
	GlobalSection(SolutionProperties) = preSolution
		HideSolutionNode = FALSE
	EndGlobalSection
	GlobalSection(ExtensibilityGlobals) = postSolution
		SolutionGuid = {957ADAB5-E348-4730-A7E8-830C77F8F77F}
	EndGlobalSection
EndGlobal
